// !$*UTF8*$!
{
	archiveVersion = 1;
	classes = {
	};
	objectVersion = 77;
	objects = {

/* Begin PBXBuildFile section */
		1AB8A37F2ED70B80004A0F2A /* Swift6502 in Frameworks */ = {isa = PBXBuildFile; productRef = 1AB8A37E2ED70B80004A0F2A /* Swift6502 */; };
		1ADD09B52ED90306000F43C5 /* AppleOneTextView.swift in Sources */ = {isa = PBXBuildFile; fileRef = 1ADD09B42ED90306000F43C5 /* AppleOneTextView.swift */; };
		1ADD09B82EDA18B6000F43C5 /* NoPageScrollView.swift in Sources */ = {isa = PBXBuildFile; fileRef = 1ADD09B72EDA18B6000F43C5 /* NoPageScrollView.swift */; };
		1ADD09BA2EDA18D2000F43C5 /* WrapToWidthTextView.swift in Sources */ = {isa = PBXBuildFile; fileRef = 1ADD09B92EDA18D2000F43C5 /* WrapToWidthTextView.swift */; };
		1ADD09BC2EDA18FC000F43C5 /* AppleOneTextViewCoordinator.swift in Sources */ = {isa = PBXBuildFile; fileRef = 1ADD09BB2EDA18FC000F43C5 /* AppleOneTextViewCoordinator.swift */; };
/* End PBXBuildFile section */

/* Begin PBXContainerItemProxy section */
		1AB8A35A2ED6FD85004A0F2A /* PBXContainerItemProxy */ = {
			isa = PBXContainerItemProxy;
			containerPortal = 1AB8A3442ED6FD84004A0F2A /* Project object */;
			proxyType = 1;
			remoteGlobalIDString = 1AB8A34B2ED6FD84004A0F2A;
			remoteInfo = AppleOne;
		};
		1AB8A3642ED6FD85004A0F2A /* PBXContainerItemProxy */ = {
			isa = PBXContainerItemProxy;
			containerPortal = 1AB8A3442ED6FD84004A0F2A /* Project object */;
			proxyType = 1;
			remoteGlobalIDString = 1AB8A34B2ED6FD84004A0F2A;
			remoteInfo = AppleOne;
		};
/* End PBXContainerItemProxy section */

/* Begin PBXFileReference section */
		1AB8A34C2ED6FD84004A0F2A /* AppleOne.app */ = {isa = PBXFileReference; explicitFileType = wrapper.application; includeInIndex = 0; path = AppleOne.app; sourceTree = BUILT_PRODUCTS_DIR; };
		1AB8A3592ED6FD85004A0F2A /* AppleOneTests.xctest */ = {isa = PBXFileReference; explicitFileType = wrapper.cfbundle; includeInIndex = 0; path = AppleOneTests.xctest; sourceTree = BUILT_PRODUCTS_DIR; };
		1AB8A3632ED6FD85004A0F2A /* AppleOneUITests.xctest */ = {isa = PBXFileReference; explicitFileType = wrapper.cfbundle; includeInIndex = 0; path = AppleOneUITests.xctest; sourceTree = BUILT_PRODUCTS_DIR; };
		1ADD09B42ED90306000F43C5 /* AppleOneTextView.swift */ = {isa = PBXFileReference; lastKnownFileType = sourcecode.swift; path = AppleOneTextView.swift; sourceTree = "<group>"; };
		1ADD09B72EDA18B6000F43C5 /* NoPageScrollView.swift */ = {isa = PBXFileReference; lastKnownFileType = sourcecode.swift; path = NoPageScrollView.swift; sourceTree = "<group>"; };
		1ADD09B92EDA18D2000F43C5 /* WrapToWidthTextView.swift */ = {isa = PBXFileReference; lastKnownFileType = sourcecode.swift; path = WrapToWidthTextView.swift; sourceTree = "<group>"; };
		1ADD09BB2EDA18FC000F43C5 /* AppleOneTextViewCoordinator.swift */ = {isa = PBXFileReference; lastKnownFileType = sourcecode.swift; path = AppleOneTextViewCoordinator.swift; sourceTree = "<group>"; };
/* End PBXFileReference section */

/* Begin PBXFileSystemSynchronizedRootGroup section */
		1AB8A34E2ED6FD84004A0F2A /* AppleOne */ = {
			isa = PBXFileSystemSynchronizedRootGroup;
			path = AppleOne;
			sourceTree = "<group>";
		};
		1AB8A35C2ED6FD85004A0F2A /* AppleOneTests */ = {
			isa = PBXFileSystemSynchronizedRootGroup;
			path = AppleOneTests;
			sourceTree = "<group>";
		};
		1AB8A3662ED6FD85004A0F2A /* AppleOneUITests */ = {
			isa = PBXFileSystemSynchronizedRootGroup;
			path = AppleOneUITests;
			sourceTree = "<group>";
		};
/* End PBXFileSystemSynchronizedRootGroup section */

/* Begin PBXFrameworksBuildPhase section */
		1AB8A3492ED6FD84004A0F2A /* Frameworks */ = {
			isa = PBXFrameworksBuildPhase;
			buildActionMask = 2147483647;
			files = (
				1AB8A37F2ED70B80004A0F2A /* Swift6502 in Frameworks */,
			);
			runOnlyForDeploymentPostprocessing = 0;
		};
		1AB8A3562ED6FD85004A0F2A /* Frameworks */ = {
			isa = PBXFrameworksBuildPhase;
			buildActionMask = 2147483647;
			files = (
			);
			runOnlyForDeploymentPostprocessing = 0;
		};
		1AB8A3602ED6FD85004A0F2A /* Frameworks */ = {
			isa = PBXFrameworksBuildPhase;
			buildActionMask = 2147483647;
			files = (
			);
			runOnlyForDeploymentPostprocessing = 0;
		};
/* End PBXFrameworksBuildPhase section */

/* Begin PBXGroup section */
		1AB8A3432ED6FD84004A0F2A = {
			isa = PBXGroup;
			children = (
				1ADD09B62EDA188B000F43C5 /* AppleOneDisplay */,
				1AB8A34E2ED6FD84004A0F2A /* AppleOne */,
				1AB8A35C2ED6FD85004A0F2A /* AppleOneTests */,
				1AB8A3662ED6FD85004A0F2A /* AppleOneUITests */,
				1AB8A37D2ED70B80004A0F2A /* Frameworks */,
				1AB8A34D2ED6FD84004A0F2A /* Products */,
			);
			sourceTree = "<group>";
		};
		1AB8A34D2ED6FD84004A0F2A /* Products */ = {
			isa = PBXGroup;
			children = (
				1AB8A34C2ED6FD84004A0F2A /* AppleOne.app */,
				1AB8A3592ED6FD85004A0F2A /* AppleOneTests.xctest */,
				1AB8A3632ED6FD85004A0F2A /* AppleOneUITests.xctest */,
			);
			name = Products;
			sourceTree = "<group>";
		};
		1AB8A37D2ED70B80004A0F2A /* Frameworks */ = {
			isa = PBXGroup;
			children = (
			);
			name = Frameworks;
			sourceTree = "<group>";
		};
		1ADD09B62EDA188B000F43C5 /* AppleOneDisplay */ = {
			isa = PBXGroup;
			children = (
				1ADD09B42ED90306000F43C5 /* AppleOneTextView.swift */,
				1ADD09BB2EDA18FC000F43C5 /* AppleOneTextViewCoordinator.swift */,
				1ADD09B92EDA18D2000F43C5 /* WrapToWidthTextView.swift */,
				1ADD09B72EDA18B6000F43C5 /* NoPageScrollView.swift */,
			);
			path = AppleOneDisplay;
			sourceTree = "<group>";
		};
/* End PBXGroup section */

/* Begin PBXNativeTarget section */
		1AB8A34B2ED6FD84004A0F2A /* AppleOne */ = {
			isa = PBXNativeTarget;
			buildConfigurationList = 1AB8A36D2ED6FD85004A0F2A /* Build configuration list for PBXNativeTarget "AppleOne" */;
			buildPhases = (
				1AB8A3482ED6FD84004A0F2A /* Sources */,
				1AB8A3492ED6FD84004A0F2A /* Frameworks */,
				1AB8A34A2ED6FD84004A0F2A /* Resources */,
			);
			buildRules = (
			);
			dependencies = (
			);
			fileSystemSynchronizedGroups = (
				1AB8A34E2ED6FD84004A0F2A /* AppleOne */,
			);
			name = AppleOne;
			packageProductDependencies = (
				1AB8A37E2ED70B80004A0F2A /* Swift6502 */,
			);
			productName = AppleOne;
			productReference = 1AB8A34C2ED6FD84004A0F2A /* AppleOne.app */;
			productType = "com.apple.product-type.application";
		};
		1AB8A3582ED6FD85004A0F2A /* AppleOneTests */ = {
			isa = PBXNativeTarget;
			buildConfigurationList = 1AB8A3702ED6FD85004A0F2A /* Build configuration list for PBXNativeTarget "AppleOneTests" */;
			buildPhases = (
				1AB8A3552ED6FD85004A0F2A /* Sources */,
				1AB8A3562ED6FD85004A0F2A /* Frameworks */,
				1AB8A3572ED6FD85004A0F2A /* Resources */,
			);
			buildRules = (
			);
			dependencies = (
				1AB8A35B2ED6FD85004A0F2A /* PBXTargetDependency */,
			);
			fileSystemSynchronizedGroups = (
				1AB8A35C2ED6FD85004A0F2A /* AppleOneTests */,
			);
			name = AppleOneTests;
			packageProductDependencies = (
			);
			productName = AppleOneTests;
			productReference = 1AB8A3592ED6FD85004A0F2A /* AppleOneTests.xctest */;
			productType = "com.apple.product-type.bundle.unit-test";
		};
		1AB8A3622ED6FD85004A0F2A /* AppleOneUITests */ = {
			isa = PBXNativeTarget;
			buildConfigurationList = 1AB8A3732ED6FD85004A0F2A /* Build configuration list for PBXNativeTarget "AppleOneUITests" */;
			buildPhases = (
				1AB8A35F2ED6FD85004A0F2A /* Sources */,
				1AB8A3602ED6FD85004A0F2A /* Frameworks */,
				1AB8A3612ED6FD85004A0F2A /* Resources */,
			);
			buildRules = (
			);
			dependencies = (
				1AB8A3652ED6FD85004A0F2A /* PBXTargetDependency */,
			);
			fileSystemSynchronizedGroups = (
				1AB8A3662ED6FD85004A0F2A /* AppleOneUITests */,
			);
			name = AppleOneUITests;
			packageProductDependencies = (
			);
			productName = AppleOneUITests;
			productReference = 1AB8A3632ED6FD85004A0F2A /* AppleOneUITests.xctest */;
			productType = "com.apple.product-type.bundle.ui-testing";
		};
/* End PBXNativeTarget section */

/* Begin PBXProject section */
		1AB8A3442ED6FD84004A0F2A /* Project object */ = {
			isa = PBXProject;
			attributes = {
				BuildIndependentTargetsInParallel = 1;
				LastSwiftUpdateCheck = 2610;
				LastUpgradeCheck = 2610;
				TargetAttributes = {
					1AB8A34B2ED6FD84004A0F2A = {
						CreatedOnToolsVersion = 26.1;
					};
					1AB8A3582ED6FD85004A0F2A = {
						CreatedOnToolsVersion = 26.1;
						TestTargetID = 1AB8A34B2ED6FD84004A0F2A;
					};
					1AB8A3622ED6FD85004A0F2A = {
						CreatedOnToolsVersion = 26.1;
						TestTargetID = 1AB8A34B2ED6FD84004A0F2A;
					};
				};
			};
			buildConfigurationList = 1AB8A3472ED6FD84004A0F2A /* Build configuration list for PBXProject "AppleOne" */;
			developmentRegion = en;
			hasScannedForEncodings = 0;
			knownRegions = (
				en,
				Base,
			);
			mainGroup = 1AB8A3432ED6FD84004A0F2A;
			minimizedProjectReferenceProxies = 1;
			packageReferences = (
				1AB8A37A2ED70747004A0F2A /* XCRemoteSwiftPackageReference "Swift6502" */,
			);
			preferredProjectObjectVersion = 77;
			productRefGroup = 1AB8A34D2ED6FD84004A0F2A /* Products */;
			projectDirPath = "";
			projectRoot = "";
			targets = (
				1AB8A34B2ED6FD84004A0F2A /* AppleOne */,
				1AB8A3582ED6FD85004A0F2A /* AppleOneTests */,
				1AB8A3622ED6FD85004A0F2A /* AppleOneUITests */,
			);
		};
/* End PBXProject section */

/* Begin PBXResourcesBuildPhase section */
		1AB8A34A2ED6FD84004A0F2A /* Resources */ = {
			isa = PBXResourcesBuildPhase;
			buildActionMask = 2147483647;
			files = (
			);
			runOnlyForDeploymentPostprocessing = 0;
		};
		1AB8A3572ED6FD85004A0F2A /* Resources */ = {
			isa = PBXResourcesBuildPhase;
			buildActionMask = 2147483647;
			files = (
			);
			runOnlyForDeploymentPostprocessing = 0;
		};
		1AB8A3612ED6FD85004A0F2A /* Resources */ = {
			isa = PBXResourcesBuildPhase;
			buildActionMask = 2147483647;
			files = (
			);
			runOnlyForDeploymentPostprocessing = 0;
		};
/* End PBXResourcesBuildPhase section */

/* Begin PBXSourcesBuildPhase section */
		1AB8A3482ED6FD84004A0F2A /* Sources */ = {
			isa = PBXSourcesBuildPhase;
			buildActionMask = 2147483647;
			files = (
				1ADD09BA2EDA18D2000F43C5 /* WrapToWidthTextView.swift in Sources */,
				1ADD09BC2EDA18FC000F43C5 /* AppleOneTextViewCoordinator.swift in Sources */,
				1ADD09B52ED90306000F43C5 /* AppleOneTextView.swift in Sources */,
				1ADD09B82EDA18B6000F43C5 /* NoPageScrollView.swift in Sources */,
			);
			runOnlyForDeploymentPostprocessing = 0;
		};
		1AB8A3552ED6FD85004A0F2A /* Sources */ = {
			isa = PBXSourcesBuildPhase;
			buildActionMask = 2147483647;
			files = (
			);
			runOnlyForDeploymentPostprocessing = 0;
		};
		1AB8A35F2ED6FD85004A0F2A /* Sources */ = {
			isa = PBXSourcesBuildPhase;
			buildActionMask = 2147483647;
			files = (
			);
			runOnlyForDeploymentPostprocessing = 0;
		};
/* End PBXSourcesBuildPhase section */

/* Begin PBXTargetDependency section */
		1AB8A35B2ED6FD85004A0F2A /* PBXTargetDependency */ = {
			isa = PBXTargetDependency;
			target = 1AB8A34B2ED6FD84004A0F2A /* AppleOne */;
			targetProxy = 1AB8A35A2ED6FD85004A0F2A /* PBXContainerItemProxy */;
		};
		1AB8A3652ED6FD85004A0F2A /* PBXTargetDependency */ = {
			isa = PBXTargetDependency;
			target = 1AB8A34B2ED6FD84004A0F2A /* AppleOne */;
			targetProxy = 1AB8A3642ED6FD85004A0F2A /* PBXContainerItemProxy */;
		};
/* End PBXTargetDependency section */

/* Begin XCBuildConfiguration section */
		1AB8A36B2ED6FD85004A0F2A /* Debug */ = {
			isa = XCBuildConfiguration;
			buildSettings = {
				ALWAYS_SEARCH_USER_PATHS = NO;
				ASSETCATALOG_COMPILER_GENERATE_SWIFT_ASSET_SYMBOL_EXTENSIONS = YES;
				CLANG_ANALYZER_NONNULL = YES;
				CLANG_ANALYZER_NUMBER_OBJECT_CONVERSION = YES_AGGRESSIVE;
				CLANG_CXX_LANGUAGE_STANDARD = "gnu++20";
				CLANG_ENABLE_MODULES = YES;
				CLANG_ENABLE_OBJC_ARC = YES;
				CLANG_ENABLE_OBJC_WEAK = YES;
				CLANG_WARN_BLOCK_CAPTURE_AUTORELEASING = YES;
				CLANG_WARN_BOOL_CONVERSION = YES;
				CLANG_WARN_COMMA = YES;
				CLANG_WARN_CONSTANT_CONVERSION = YES;
				CLANG_WARN_DEPRECATED_OBJC_IMPLEMENTATIONS = YES;
				CLANG_WARN_DIRECT_OBJC_ISA_USAGE = YES_ERROR;
				CLANG_WARN_DOCUMENTATION_COMMENTS = YES;
				CLANG_WARN_EMPTY_BODY = YES;
				CLANG_WARN_ENUM_CONVERSION = YES;
				CLANG_WARN_INFINITE_RECURSION = YES;
				CLANG_WARN_INT_CONVERSION = YES;
				CLANG_WARN_NON_LITERAL_NULL_CONVERSION = YES;
				CLANG_WARN_OBJC_IMPLICIT_RETAIN_SELF = YES;
				CLANG_WARN_OBJC_LITERAL_CONVERSION = YES;
				CLANG_WARN_OBJC_ROOT_CLASS = YES_ERROR;
				CLANG_WARN_QUOTED_INCLUDE_IN_FRAMEWORK_HEADER = YES;
				CLANG_WARN_RANGE_LOOP_ANALYSIS = YES;
				CLANG_WARN_STRICT_PROTOTYPES = YES;
				CLANG_WARN_SUSPICIOUS_MOVE = YES;
				CLANG_WARN_UNGUARDED_AVAILABILITY = YES_AGGRESSIVE;
				CLANG_WARN_UNREACHABLE_CODE = YES;
				CLANG_WARN__DUPLICATE_METHOD_MATCH = YES;
				COPY_PHASE_STRIP = NO;
				DEBUG_INFORMATION_FORMAT = dwarf;
				ENABLE_STRICT_OBJC_MSGSEND = YES;
				ENABLE_TESTABILITY = YES;
				ENABLE_USER_SCRIPT_SANDBOXING = YES;
				GCC_C_LANGUAGE_STANDARD = gnu17;
				GCC_DYNAMIC_NO_PIC = NO;
				GCC_NO_COMMON_BLOCKS = YES;
				GCC_OPTIMIZATION_LEVEL = 0;
				GCC_PREPROCESSOR_DEFINITIONS = (
					"DEBUG=1",
					"$(inherited)",
				);
				GCC_WARN_64_TO_32_BIT_CONVERSION = YES;
				GCC_WARN_ABOUT_RETURN_TYPE = YES_ERROR;
				GCC_WARN_UNDECLARED_SELECTOR = YES;
				GCC_WARN_UNINITIALIZED_AUTOS = YES_AGGRESSIVE;
				GCC_WARN_UNUSED_FUNCTION = YES;
				GCC_WARN_UNUSED_VARIABLE = YES;
				LOCALIZATION_PREFERS_STRING_CATALOGS = YES;
				MACOSX_DEPLOYMENT_TARGET = 26.1;
				MTL_ENABLE_DEBUG_INFO = INCLUDE_SOURCE;
				MTL_FAST_MATH = YES;
				ONLY_ACTIVE_ARCH = YES;
				SDKROOT = macosx;
				SWIFT_ACTIVE_COMPILATION_CONDITIONS = "DEBUG $(inherited)";
				SWIFT_OPTIMIZATION_LEVEL = "-Onone";
			};
			name = Debug;
		};
		1AB8A36C2ED6FD85004A0F2A /* Release */ = {
			isa = XCBuildConfiguration;
			buildSettings = {
				ALWAYS_SEARCH_USER_PATHS = NO;
				ASSETCATALOG_COMPILER_GENERATE_SWIFT_ASSET_SYMBOL_EXTENSIONS = YES;
				CLANG_ANALYZER_NONNULL = YES;
				CLANG_ANALYZER_NUMBER_OBJECT_CONVERSION = YES_AGGRESSIVE;
				CLANG_CXX_LANGUAGE_STANDARD = "gnu++20";
				CLANG_ENABLE_MODULES = YES;
				CLANG_ENABLE_OBJC_ARC = YES;
				CLANG_ENABLE_OBJC_WEAK = YES;
				CLANG_WARN_BLOCK_CAPTURE_AUTORELEASING = YES;
				CLANG_WARN_BOOL_CONVERSION = YES;
				CLANG_WARN_COMMA = YES;
				CLANG_WARN_CONSTANT_CONVERSION = YES;
				CLANG_WARN_DEPRECATED_OBJC_IMPLEMENTATIONS = YES;
				CLANG_WARN_DIRECT_OBJC_ISA_USAGE = YES_ERROR;
				CLANG_WARN_DOCUMENTATION_COMMENTS = YES;
				CLANG_WARN_EMPTY_BODY = YES;
				CLANG_WARN_ENUM_CONVERSION = YES;
				CLANG_WARN_INFINITE_RECURSION = YES;
				CLANG_WARN_INT_CONVERSION = YES;
				CLANG_WARN_NON_LITERAL_NULL_CONVERSION = YES;
				CLANG_WARN_OBJC_IMPLICIT_RETAIN_SELF = YES;
				CLANG_WARN_OBJC_LITERAL_CONVERSION = YES;
				CLANG_WARN_OBJC_ROOT_CLASS = YES_ERROR;
				CLANG_WARN_QUOTED_INCLUDE_IN_FRAMEWORK_HEADER = YES;
				CLANG_WARN_RANGE_LOOP_ANALYSIS = YES;
				CLANG_WARN_STRICT_PROTOTYPES = YES;
				CLANG_WARN_SUSPICIOUS_MOVE = YES;
				CLANG_WARN_UNGUARDED_AVAILABILITY = YES_AGGRESSIVE;
				CLANG_WARN_UNREACHABLE_CODE = YES;
				CLANG_WARN__DUPLICATE_METHOD_MATCH = YES;
				COPY_PHASE_STRIP = NO;
				DEBUG_INFORMATION_FORMAT = "dwarf-with-dsym";
				ENABLE_NS_ASSERTIONS = NO;
				ENABLE_STRICT_OBJC_MSGSEND = YES;
				ENABLE_USER_SCRIPT_SANDBOXING = YES;
				GCC_C_LANGUAGE_STANDARD = gnu17;
				GCC_NO_COMMON_BLOCKS = YES;
				GCC_WARN_64_TO_32_BIT_CONVERSION = YES;
				GCC_WARN_ABOUT_RETURN_TYPE = YES_ERROR;
				GCC_WARN_UNDECLARED_SELECTOR = YES;
				GCC_WARN_UNINITIALIZED_AUTOS = YES_AGGRESSIVE;
				GCC_WARN_UNUSED_FUNCTION = YES;
				GCC_WARN_UNUSED_VARIABLE = YES;
				LOCALIZATION_PREFERS_STRING_CATALOGS = YES;
				MACOSX_DEPLOYMENT_TARGET = 26.1;
				MTL_ENABLE_DEBUG_INFO = NO;
				MTL_FAST_MATH = YES;
				SDKROOT = macosx;
				SWIFT_COMPILATION_MODE = wholemodule;
			};
			name = Release;
		};
		1AB8A36E2ED6FD85004A0F2A /* Debug */ = {
			isa = XCBuildConfiguration;
			buildSettings = {
				ASSETCATALOG_COMPILER_APPICON_NAME = AppIcon;
				ASSETCATALOG_COMPILER_GLOBAL_ACCENT_COLOR_NAME = AccentColor;
				CODE_SIGN_STYLE = Automatic;
				COMBINE_HIDPI_IMAGES = YES;
				CURRENT_PROJECT_VERSION = 1;
				ENABLE_APP_SANDBOX = YES;
				ENABLE_PREVIEWS = YES;
				ENABLE_USER_SELECTED_FILES = readonly;
				GENERATE_INFOPLIST_FILE = YES;
				INFOPLIST_KEY_NSHumanReadableCopyright = "";
				LD_RUNPATH_SEARCH_PATHS = (
					"$(inherited)",
					"@executable_path/../Frameworks",
				);
				MARKETING_VERSION = 1.0;
				PRODUCT_BUNDLE_IDENTIFIER = net.weatherley.AppleOne;
				PRODUCT_NAME = "$(TARGET_NAME)";
				REGISTER_APP_GROUPS = YES;
				STRING_CATALOG_GENERATE_SYMBOLS = YES;
				SWIFT_APPROACHABLE_CONCURRENCY = YES;
				SWIFT_DEFAULT_ACTOR_ISOLATION = MainActor;
				SWIFT_EMIT_LOC_STRINGS = YES;
				SWIFT_STRICT_CONCURRENCY = complete;
				SWIFT_UPCOMING_FEATURE_MEMBER_IMPORT_VISIBILITY = YES;
				SWIFT_VERSION = 6.0;
			};
			name = Debug;
		};
		1AB8A36F2ED6FD85004A0F2A /* Release */ = {
			isa = XCBuildConfiguration;
			buildSettings = {
				ASSETCATALOG_COMPILER_APPICON_NAME = AppIcon;
				ASSETCATALOG_COMPILER_GLOBAL_ACCENT_COLOR_NAME = AccentColor;
				CODE_SIGN_STYLE = Automatic;
				COMBINE_HIDPI_IMAGES = YES;
				CURRENT_PROJECT_VERSION = 1;
				ENABLE_APP_SANDBOX = YES;
				ENABLE_PREVIEWS = YES;
				ENABLE_USER_SELECTED_FILES = readonly;
				GENERATE_INFOPLIST_FILE = YES;
				INFOPLIST_KEY_NSHumanReadableCopyright = "";
				LD_RUNPATH_SEARCH_PATHS = (
					"$(inherited)",
					"@executable_path/../Frameworks",
				);
				MARKETING_VERSION = 1.0;
				PRODUCT_BUNDLE_IDENTIFIER = net.weatherley.AppleOne;
				PRODUCT_NAME = "$(TARGET_NAME)";
				REGISTER_APP_GROUPS = YES;
				STRING_CATALOG_GENERATE_SYMBOLS = YES;
				SWIFT_APPROACHABLE_CONCURRENCY = YES;
				SWIFT_DEFAULT_ACTOR_ISOLATION = MainActor;
				SWIFT_EMIT_LOC_STRINGS = YES;
				SWIFT_STRICT_CONCURRENCY = complete;
				SWIFT_UPCOMING_FEATURE_MEMBER_IMPORT_VISIBILITY = YES;
				SWIFT_VERSION = 6.0;
			};
			name = Release;
		};
		1AB8A3712ED6FD85004A0F2A /* Debug */ = {
			isa = XCBuildConfiguration;
			buildSettings = {
				BUNDLE_LOADER = "$(TEST_HOST)";
				CODE_SIGN_STYLE = Automatic;
				CURRENT_PROJECT_VERSION = 1;
				GENERATE_INFOPLIST_FILE = YES;
				MACOSX_DEPLOYMENT_TARGET = 26.1;
				MARKETING_VERSION = 1.0;
				PRODUCT_BUNDLE_IDENTIFIER = net.weatherley.AppleOneTests;
				PRODUCT_NAME = "$(TARGET_NAME)";
				STRING_CATALOG_GENERATE_SYMBOLS = NO;
				SWIFT_APPROACHABLE_CONCURRENCY = YES;
				SWIFT_EMIT_LOC_STRINGS = NO;
				SWIFT_UPCOMING_FEATURE_MEMBER_IMPORT_VISIBILITY = YES;
				SWIFT_VERSION = 5.0;
				TEST_HOST = "$(BUILT_PRODUCTS_DIR)/AppleOne.app/$(BUNDLE_EXECUTABLE_FOLDER_PATH)/AppleOne";
			};
			name = Debug;
		};
		1AB8A3722ED6FD85004A0F2A /* Release */ = {
			isa = XCBuildConfiguration;
			buildSettings = {
				BUNDLE_LOADER = "$(TEST_HOST)";
				CODE_SIGN_STYLE = Automatic;
				CURRENT_PROJECT_VERSION = 1;
				GENERATE_INFOPLIST_FILE = YES;
				MACOSX_DEPLOYMENT_TARGET = 26.1;
				MARKETING_VERSION = 1.0;
				PRODUCT_BUNDLE_IDENTIFIER = net.weatherley.AppleOneTests;
				PRODUCT_NAME = "$(TARGET_NAME)";
				STRING_CATALOG_GENERATE_SYMBOLS = NO;
				SWIFT_APPROACHABLE_CONCURRENCY = YES;
				SWIFT_EMIT_LOC_STRINGS = NO;
				SWIFT_UPCOMING_FEATURE_MEMBER_IMPORT_VISIBILITY = YES;
				SWIFT_VERSION = 5.0;
				TEST_HOST = "$(BUILT_PRODUCTS_DIR)/AppleOne.app/$(BUNDLE_EXECUTABLE_FOLDER_PATH)/AppleOne";
			};
			name = Release;
		};
		1AB8A3742ED6FD85004A0F2A /* Debug */ = {
			isa = XCBuildConfiguration;
			buildSettings = {
				CODE_SIGN_STYLE = Automatic;
				CURRENT_PROJECT_VERSION = 1;
				GENERATE_INFOPLIST_FILE = YES;
				MARKETING_VERSION = 1.0;
				PRODUCT_BUNDLE_IDENTIFIER = net.weatherley.AppleOneUITests;
				PRODUCT_NAME = "$(TARGET_NAME)";
				STRING_CATALOG_GENERATE_SYMBOLS = NO;
				SWIFT_APPROACHABLE_CONCURRENCY = YES;
				SWIFT_EMIT_LOC_STRINGS = NO;
				SWIFT_UPCOMING_FEATURE_MEMBER_IMPORT_VISIBILITY = YES;
				SWIFT_VERSION = 5.0;
				TEST_TARGET_NAME = AppleOne;
			};
			name = Debug;
		};
		1AB8A3752ED6FD85004A0F2A /* Release */ = {
			isa = XCBuildConfiguration;
			buildSettings = {
				CODE_SIGN_STYLE = Automatic;
				CURRENT_PROJECT_VERSION = 1;
				GENERATE_INFOPLIST_FILE = YES;
				MARKETING_VERSION = 1.0;
				PRODUCT_BUNDLE_IDENTIFIER = net.weatherley.AppleOneUITests;
				PRODUCT_NAME = "$(TARGET_NAME)";
				STRING_CATALOG_GENERATE_SYMBOLS = NO;
				SWIFT_APPROACHABLE_CONCURRENCY = YES;
				SWIFT_EMIT_LOC_STRINGS = NO;
				SWIFT_UPCOMING_FEATURE_MEMBER_IMPORT_VISIBILITY = YES;
				SWIFT_VERSION = 5.0;
				TEST_TARGET_NAME = AppleOne;
			};
			name = Release;
		};
/* End XCBuildConfiguration section */

/* Begin XCConfigurationList section */
		1AB8A3472ED6FD84004A0F2A /* Build configuration list for PBXProject "AppleOne" */ = {
			isa = XCConfigurationList;
			buildConfigurations = (
				1AB8A36B2ED6FD85004A0F2A /* Debug */,
				1AB8A36C2ED6FD85004A0F2A /* Release */,
			);
			defaultConfigurationIsVisible = 0;
			defaultConfigurationName = Release;
		};
		1AB8A36D2ED6FD85004A0F2A /* Build configuration list for PBXNativeTarget "AppleOne" */ = {
			isa = XCConfigurationList;
			buildConfigurations = (
				1AB8A36E2ED6FD85004A0F2A /* Debug */,
				1AB8A36F2ED6FD85004A0F2A /* Release */,
			);
			defaultConfigurationIsVisible = 0;
			defaultConfigurationName = Release;
		};
		1AB8A3702ED6FD85004A0F2A /* Build configuration list for PBXNativeTarget "AppleOneTests" */ = {
			isa = XCConfigurationList;
			buildConfigurations = (
				1AB8A3712ED6FD85004A0F2A /* Debug */,
				1AB8A3722ED6FD85004A0F2A /* Release */,
			);
			defaultConfigurationIsVisible = 0;
			defaultConfigurationName = Release;
		};
		1AB8A3732ED6FD85004A0F2A /* Build configuration list for PBXNativeTarget "AppleOneUITests" */ = {
			isa = XCConfigurationList;
			buildConfigurations = (
				1AB8A3742ED6FD85004A0F2A /* Debug */,
				1AB8A3752ED6FD85004A0F2A /* Release */,
			);
			defaultConfigurationIsVisible = 0;
			defaultConfigurationName = Release;
		};
/* End XCConfigurationList section */

/* Begin XCRemoteSwiftPackageReference section */
		1AB8A37A2ED70747004A0F2A /* XCRemoteSwiftPackageReference "Swift6502" */ = {
			isa = XCRemoteSwiftPackageReference;
			repositoryURL = "https://github.com/jameswrw/Swift6502.git";
			requirement = {
				branch = main;
				kind = branch;
			};
		};
/* End XCRemoteSwiftPackageReference section */

/* Begin XCSwiftPackageProductDependency section */
		1AB8A37E2ED70B80004A0F2A /* Swift6502 */ = {
			isa = XCSwiftPackageProductDependency;
			package = 1AB8A37A2ED70747004A0F2A /* XCRemoteSwiftPackageReference "Swift6502" */;
			productName = Swift6502;
		};
/* End XCSwiftPackageProductDependency section */
	};
	rootObject = 1AB8A3442ED6FD84004A0F2A /* Project object */;
}
